
Microsoft Visual Studio Solution File, Format Version 12.00
# Visual Studio 15
VisualStudioVersion = 15.0.27130.2010
MinimumVisualStudioVersion = 10.0.40219.1
Project("{FAE04EC0-301F-11D3-BF4B-00C04F79EFBC}") = "GoogleValidator", "GoogleValidator\GoogleValidator.csproj", "{6373FA8B-05B5-41CE-91EF-21C9B63F98A9}"
EndProject
Global
	GlobalSection(SolutionConfigurationPlatforms) = preSolution
		Debug|Any CPU = Debug|Any CPU
		Release|Any CPU = Release|Any CPU
	EndGlobalSection
	GlobalSection(ProjectConfigurationPlatforms) = postSolution
		{6373FA8B-05B5-41CE-91EF-21C9B63F98A9}.Debug|Any CPU.ActiveCfg = Debug|Any CPU
		{6373FA8B-05B5-41CE-91EF-21C9B63F98A9}.Debug|Any CPU.Build.0 = Debug|Any CPU
		{6373FA8B-05B5-41CE-91EF-21C9B63F98A9}.Release|Any CPU.ActiveCfg = Release|Any CPU
		{6373FA8B-05B5-41CE-91EF-21C9B63F98A9}.Release|Any CPU.Build.0 = Release|Any CPU
	EndGlobalSection
	GlobalSection(SolutionProperties) = preSolution
		HideSolutionNode = FALSE
	EndGlobalSection
	GlobalSection(ExtensibilityGlobals) = postSolution
		SolutionGuid = {70779088-6FC7-48CC-A443-10CA3EEDF74D}
	EndGlobalSection
EndGlobal
